// !$*UTF8*$!
{
	archiveVersion = 1;
	classes = {
	};
	objectVersion = 46;
	objects = {

/* Begin PBXBuildFile section */
		1503367776BB610838E51DA1 /* Pods_SearchNearbyPlaces.framework in Frameworks */ = {isa = PBXBuildFile; fileRef = 5B063B6B429D940E832CB9DD /* Pods_SearchNearbyPlaces.framework */; };
		4FB02DAD1C1182BE00224850 /* AppDelegate.swift in Sources */ = {isa = PBXBuildFile; fileRef = 4FB02DAC1C1182BE00224850 /* AppDelegate.swift */; };
		4FB02DAF1C1182BE00224850 /* ViewController.swift in Sources */ = {isa = PBXBuildFile; fileRef = 4FB02DAE1C1182BE00224850 /* ViewController.swift */; };
		4FB02DB21C1182BE00224850 /* Main.storyboard in Resources */ = {isa = PBXBuildFile; fileRef = 4FB02DB01C1182BE00224850 /* Main.storyboard */; };
		4FB02DB41C1182BE00224850 /* Assets.xcassets in Resources */ = {isa = PBXBuildFile; fileRef = 4FB02DB31C1182BE00224850 /* Assets.xcassets */; };
		4FB02DB71C1182BE00224850 /* LaunchScreen.storyboard in Resources */ = {isa = PBXBuildFile; fileRef = 4FB02DB51C1182BE00224850 /* LaunchScreen.storyboard */; };
		4FB02DC21C1182BE00224850 /* SearchNearbyPlacesTests.swift in Sources */ = {isa = PBXBuildFile; fileRef = 4FB02DC11C1182BE00224850 /* SearchNearbyPlacesTests.swift */; };
		4FB02DCD1C1182BE00224850 /* SearchNearbyPlacesUITests.swift in Sources */ = {isa = PBXBuildFile; fileRef = 4FB02DCC1C1182BE00224850 /* SearchNearbyPlacesUITests.swift */; };
		4FCDBFDF1C13D95000B4D279 /* DetailViewController.swift in Sources */ = {isa = PBXBuildFile; fileRef = 4FCDBFDE1C13D95000B4D279 /* DetailViewController.swift */; };
		4FCDBFE51C153EA000B4D279 /* GooglePlaceObject.swift in Sources */ = {isa = PBXBuildFile; fileRef = 4FCDBFE31C153EA000B4D279 /* GooglePlaceObject.swift */; };
		DDA52BB6A6E9C408144D2AC4 /* Pods_SearchNearbyPlacesTests.framework in Frameworks */ = {isa = PBXBuildFile; fileRef = 77193DC2EDBEB7CF139146BF /* Pods_SearchNearbyPlacesTests.framework */; };
/* End PBXBuildFile section */

/* Begin PBXContainerItemProxy section */
		4FB02DBE1C1182BE00224850 /* PBXContainerItemProxy */ = {
			isa = PBXContainerItemProxy;
			containerPortal = 4FB02DA11C1182BE00224850 /* Project object */;
			proxyType = 1;
			remoteGlobalIDString = 4FB02DA81C1182BE00224850;
			remoteInfo = SearchNearbyPlaces;
		};
		4FB02DC91C1182BE00224850 /* PBXContainerItemProxy */ = {
			isa = PBXContainerItemProxy;
			containerPortal = 4FB02DA11C1182BE00224850 /* Project object */;
			proxyType = 1;
			remoteGlobalIDString = 4FB02DA81C1182BE00224850;
			remoteInfo = SearchNearbyPlaces;
		};
/* End PBXContainerItemProxy section */

/* Begin PBXFileReference section */
		0394386EA82E33331BC3207E /* Pods-SearchNearbyPlacesTests.release.xcconfig */ = {isa = PBXFileReference; includeInIndex = 1; lastKnownFileType = text.xcconfig; name = "Pods-SearchNearbyPlacesTests.release.xcconfig"; path = "Pods/Target Support Files/Pods-SearchNearbyPlacesTests/Pods-SearchNearbyPlacesTests.release.xcconfig"; sourceTree = "<group>"; };
		09D898C8D3E1A982ADF95D60 /* Pods-SearchNearbyPlacesTests.debug.xcconfig */ = {isa = PBXFileReference; includeInIndex = 1; lastKnownFileType = text.xcconfig; name = "Pods-SearchNearbyPlacesTests.debug.xcconfig"; path = "Pods/Target Support Files/Pods-SearchNearbyPlacesTests/Pods-SearchNearbyPlacesTests.debug.xcconfig"; sourceTree = "<group>"; };
		189B0A3E2A55359105E3BEEB /* Pods-SearchNearbyPlaces.debug.xcconfig */ = {isa = PBXFileReference; includeInIndex = 1; lastKnownFileType = text.xcconfig; name = "Pods-SearchNearbyPlaces.debug.xcconfig"; path = "Pods/Target Support Files/Pods-SearchNearbyPlaces/Pods-SearchNearbyPlaces.debug.xcconfig"; sourceTree = "<group>"; };
		4FB02DA91C1182BE00224850 /* SearchNearbyPlaces.app */ = {isa = PBXFileReference; explicitFileType = wrapper.application; includeInIndex = 0; path = SearchNearbyPlaces.app; sourceTree = BUILT_PRODUCTS_DIR; };
		4FB02DAC1C1182BE00224850 /* AppDelegate.swift */ = {isa = PBXFileReference; lastKnownFileType = sourcecode.swift; path = AppDelegate.swift; sourceTree = "<group>"; };
		4FB02DAE1C1182BE00224850 /* ViewController.swift */ = {isa = PBXFileReference; lastKnownFileType = sourcecode.swift; path = ViewController.swift; sourceTree = "<group>"; };
		4FB02DB11C1182BE00224850 /* Base */ = {isa = PBXFileReference; lastKnownFileType = file.storyboard; name = Base; path = Base.lproj/Main.storyboard; sourceTree = "<group>"; };
		4FB02DB31C1182BE00224850 /* Assets.xcassets */ = {isa = PBXFileReference; lastKnownFileType = folder.assetcatalog; path = Assets.xcassets; sourceTree = "<group>"; };
		4FB02DB61C1182BE00224850 /* Base */ = {isa = PBXFileReference; lastKnownFileType = file.storyboard; name = Base; path = Base.lproj/LaunchScreen.storyboard; sourceTree = "<group>"; };
		4FB02DB81C1182BE00224850 /* Info.plist */ = {isa = PBXFileReference; lastKnownFileType = text.plist.xml; path = Info.plist; sourceTree = "<group>"; };
		4FB02DBD1C1182BE00224850 /* SearchNearbyPlacesTests.xctest */ = {isa = PBXFileReference; explicitFileType = wrapper.cfbundle; includeInIndex = 0; path = SearchNearbyPlacesTests.xctest; sourceTree = BUILT_PRODUCTS_DIR; };
		4FB02DC11C1182BE00224850 /* SearchNearbyPlacesTests.swift */ = {isa = PBXFileReference; lastKnownFileType = sourcecode.swift; path = SearchNearbyPlacesTests.swift; sourceTree = "<group>"; };
		4FB02DC31C1182BE00224850 /* Info.plist */ = {isa = PBXFileReference; lastKnownFileType = text.plist.xml; path = Info.plist; sourceTree = "<group>"; };
		4FB02DC81C1182BE00224850 /* SearchNearbyPlacesUITests.xctest */ = {isa = PBXFileReference; explicitFileType = wrapper.cfbundle; includeInIndex = 0; path = SearchNearbyPlacesUITests.xctest; sourceTree = BUILT_PRODUCTS_DIR; };
		4FB02DCC1C1182BE00224850 /* SearchNearbyPlacesUITests.swift */ = {isa = PBXFileReference; lastKnownFileType = sourcecode.swift; path = SearchNearbyPlacesUITests.swift; sourceTree = "<group>"; };
		4FB02DCE1C1182BE00224850 /* Info.plist */ = {isa = PBXFileReference; lastKnownFileType = text.plist.xml; path = Info.plist; sourceTree = "<group>"; };
		4FCDBFDE1C13D95000B4D279 /* DetailViewController.swift */ = {isa = PBXFileReference; fileEncoding = 4; lastKnownFileType = sourcecode.swift; path = DetailViewController.swift; sourceTree = "<group>"; };
		4FCDBFE01C13E04B00B4D279 /* Bringing-Header.h */ = {isa = PBXFileReference; lastKnownFileType = sourcecode.c.h; path = "Bringing-Header.h"; sourceTree = "<group>"; };
		4FCDBFE31C153EA000B4D279 /* GooglePlaceObject.swift */ = {isa = PBXFileReference; fileEncoding = 4; lastKnownFileType = sourcecode.swift; path = GooglePlaceObject.swift; sourceTree = "<group>"; };
		5B063B6B429D940E832CB9DD /* Pods_SearchNearbyPlaces.framework */ = {isa = PBXFileReference; explicitFileType = wrapper.framework; includeInIndex = 0; path = Pods_SearchNearbyPlaces.framework; sourceTree = BUILT_PRODUCTS_DIR; };
		77193DC2EDBEB7CF139146BF /* Pods_SearchNearbyPlacesTests.framework */ = {isa = PBXFileReference; explicitFileType = wrapper.framework; includeInIndex = 0; path = Pods_SearchNearbyPlacesTests.framework; sourceTree = BUILT_PRODUCTS_DIR; };
		FD8136795847D8C90366119F /* Pods-SearchNearbyPlaces.release.xcconfig */ = {isa = PBXFileReference; includeInIndex = 1; lastKnownFileType = text.xcconfig; name = "Pods-SearchNearbyPlaces.release.xcconfig"; path = "Pods/Target Support Files/Pods-SearchNearbyPlaces/Pods-SearchNearbyPlaces.release.xcconfig"; sourceTree = "<group>"; };
/* End PBXFileReference section */

/* Begin PBXFrameworksBuildPhase section */
		4FB02DA61C1182BE00224850 /* Frameworks */ = {
			isa = PBXFrameworksBuildPhase;
			buildActionMask = 2147483647;
			files = (
				1503367776BB610838E51DA1 /* Pods_SearchNearbyPlaces.framework in Frameworks */,
			);
			runOnlyForDeploymentPostprocessing = 0;
		};
		4FB02DBA1C1182BE00224850 /* Frameworks */ = {
			isa = PBXFrameworksBuildPhase;
			buildActionMask = 2147483647;
			files = (
				DDA52BB6A6E9C408144D2AC4 /* Pods_SearchNearbyPlacesTests.framework in Frameworks */,
			);
			runOnlyForDeploymentPostprocessing = 0;
		};
		4FB02DC51C1182BE00224850 /* Frameworks */ = {
			isa = PBXFrameworksBuildPhase;
			buildActionMask = 2147483647;
			files = (
			);
			runOnlyForDeploymentPostprocessing = 0;
		};
/* End PBXFrameworksBuildPhase section */

/* Begin PBXGroup section */
		426319F3A95635360FF7F1F8 /* Frameworks */ = {
			isa = PBXGroup;
			children = (
				5B063B6B429D940E832CB9DD /* Pods_SearchNearbyPlaces.framework */,
				77193DC2EDBEB7CF139146BF /* Pods_SearchNearbyPlacesTests.framework */,
			);
			name = Frameworks;
			sourceTree = "<group>";
		};
		4FB02DA01C1182BE00224850 = {
			isa = PBXGroup;
			children = (
				4FB02DAB1C1182BE00224850 /* SearchNearbyPlaces */,
				4FB02DC01C1182BE00224850 /* SearchNearbyPlacesTests */,
				4FB02DCB1C1182BE00224850 /* SearchNearbyPlacesUITests */,
				4FB02DAA1C1182BE00224850 /* Products */,
				896E79B608D8D591369B60B7 /* Pods */,
				426319F3A95635360FF7F1F8 /* Frameworks */,
			);
			sourceTree = "<group>";
		};
		4FB02DAA1C1182BE00224850 /* Products */ = {
			isa = PBXGroup;
			children = (
				4FB02DA91C1182BE00224850 /* SearchNearbyPlaces.app */,
				4FB02DBD1C1182BE00224850 /* SearchNearbyPlacesTests.xctest */,
				4FB02DC81C1182BE00224850 /* SearchNearbyPlacesUITests.xctest */,
			);
			name = Products;
			sourceTree = "<group>";
		};
		4FB02DAB1C1182BE00224850 /* SearchNearbyPlaces */ = {
			isa = PBXGroup;
			children = (
				4FCDBFE31C153EA000B4D279 /* GooglePlaceObject.swift */,
				4FB02DAC1C1182BE00224850 /* AppDelegate.swift */,
				4FB02DAE1C1182BE00224850 /* ViewController.swift */,
				4FB02DB01C1182BE00224850 /* Main.storyboard */,
				4FB02DB31C1182BE00224850 /* Assets.xcassets */,
				4FB02DB51C1182BE00224850 /* LaunchScreen.storyboard */,
				4FB02DB81C1182BE00224850 /* Info.plist */,
				4FCDBFDE1C13D95000B4D279 /* DetailViewController.swift */,
				4FCDBFE01C13E04B00B4D279 /* Bringing-Header.h */,
			);
			path = SearchNearbyPlaces;
			sourceTree = "<group>";
		};
		4FB02DC01C1182BE00224850 /* SearchNearbyPlacesTests */ = {
			isa = PBXGroup;
			children = (
				4FB02DC11C1182BE00224850 /* SearchNearbyPlacesTests.swift */,
				4FB02DC31C1182BE00224850 /* Info.plist */,
			);
			path = SearchNearbyPlacesTests;
			sourceTree = "<group>";
		};
		4FB02DCB1C1182BE00224850 /* SearchNearbyPlacesUITests */ = {
			isa = PBXGroup;
			children = (
				4FB02DCC1C1182BE00224850 /* SearchNearbyPlacesUITests.swift */,
				4FB02DCE1C1182BE00224850 /* Info.plist */,
			);
			path = SearchNearbyPlacesUITests;
			sourceTree = "<group>";
		};
		896E79B608D8D591369B60B7 /* Pods */ = {
			isa = PBXGroup;
			children = (
				189B0A3E2A55359105E3BEEB /* Pods-SearchNearbyPlaces.debug.xcconfig */,
				FD8136795847D8C90366119F /* Pods-SearchNearbyPlaces.release.xcconfig */,
				09D898C8D3E1A982ADF95D60 /* Pods-SearchNearbyPlacesTests.debug.xcconfig */,
				0394386EA82E33331BC3207E /* Pods-SearchNearbyPlacesTests.release.xcconfig */,
			);
			name = Pods;
			sourceTree = "<group>";
		};
/* End PBXGroup section */

/* Begin PBXNativeTarget section */
		4FB02DA81C1182BE00224850 /* SearchNearbyPlaces */ = {
			isa = PBXNativeTarget;
			buildConfigurationList = 4FB02DD11C1182BE00224850 /* Build configuration list for PBXNativeTarget "SearchNearbyPlaces" */;
			buildPhases = (
				0F9F0961556C0D59A5F99170 /* Check Pods Manifest.lock */,
				4FB02DA51C1182BE00224850 /* Sources */,
				4FB02DA61C1182BE00224850 /* Frameworks */,
				4FB02DA71C1182BE00224850 /* Resources */,
				897FDB55EA6F0B6EB2298027 /* Embed Pods Frameworks */,
				26C17582977F42C0B0568DBB /* Copy Pods Resources */,
			);
			buildRules = (
			);
			dependencies = (
			);
			name = SearchNearbyPlaces;
			productName = SearchNearbyPlaces;
			productReference = 4FB02DA91C1182BE00224850 /* SearchNearbyPlaces.app */;
			productType = "com.apple.product-type.application";
		};
		4FB02DBC1C1182BE00224850 /* SearchNearbyPlacesTests */ = {
			isa = PBXNativeTarget;
			buildConfigurationList = 4FB02DD41C1182BE00224850 /* Build configuration list for PBXNativeTarget "SearchNearbyPlacesTests" */;
			buildPhases = (
				67C8844E8460AB3701AF7F81 /* Check Pods Manifest.lock */,
				4FB02DB91C1182BE00224850 /* Sources */,
				4FB02DBA1C1182BE00224850 /* Frameworks */,
				4FB02DBB1C1182BE00224850 /* Resources */,
				80E1A3023BDF88FC931F0CC0 /* Embed Pods Frameworks */,
				678A5CAA1EC793E32A15693E /* Copy Pods Resources */,
			);
			buildRules = (
			);
			dependencies = (
				4FB02DBF1C1182BE00224850 /* PBXTargetDependency */,
			);
			name = SearchNearbyPlacesTests;
			productName = SearchNearbyPlacesTests;
			productReference = 4FB02DBD1C1182BE00224850 /* SearchNearbyPlacesTests.xctest */;
			productType = "com.apple.product-type.bundle.unit-test";
		};
		4FB02DC71C1182BE00224850 /* SearchNearbyPlacesUITests */ = {
			isa = PBXNativeTarget;
			buildConfigurationList = 4FB02DD71C1182BE00224850 /* Build configuration list for PBXNativeTarget "SearchNearbyPlacesUITests" */;
			buildPhases = (
				4FB02DC41C1182BE00224850 /* Sources */,
				4FB02DC51C1182BE00224850 /* Frameworks */,
				4FB02DC61C1182BE00224850 /* Resources */,
			);
			buildRules = (
			);
			dependencies = (
				4FB02DCA1C1182BE00224850 /* PBXTargetDependency */,
			);
			name = SearchNearbyPlacesUITests;
			productName = SearchNearbyPlacesUITests;
			productReference = 4FB02DC81C1182BE00224850 /* SearchNearbyPlacesUITests.xctest */;
			productType = "com.apple.product-type.bundle.ui-testing";
		};
/* End PBXNativeTarget section */

/* Begin PBXProject section */
		4FB02DA11C1182BE00224850 /* Project object */ = {
			isa = PBXProject;
			attributes = {
				LastSwiftUpdateCheck = 0710;
				LastUpgradeCheck = 0710;
				ORGANIZATIONNAME = hyubyn;
				TargetAttributes = {
					4FB02DA81C1182BE00224850 = {
						CreatedOnToolsVersion = 7.1.1;
						DevelopmentTeam = YWVGA7ADES;
					};
					4FB02DBC1C1182BE00224850 = {
						CreatedOnToolsVersion = 7.1.1;
						DevelopmentTeam = YWVGA7ADES;
						TestTargetID = 4FB02DA81C1182BE00224850;
					};
					4FB02DC71C1182BE00224850 = {
						CreatedOnToolsVersion = 7.1.1;
						DevelopmentTeam = YWVGA7ADES;
						TestTargetID = 4FB02DA81C1182BE00224850;
					};
				};
			};
			buildConfigurationList = 4FB02DA41C1182BE00224850 /* Build configuration list for PBXProject "SearchNearbyPlaces" */;
			compatibilityVersion = "Xcode 3.2";
			developmentRegion = English;
			hasScannedForEncodings = 0;
			knownRegions = (
				en,
				Base,
			);
			mainGroup = 4FB02DA01C1182BE00224850;
			productRefGroup = 4FB02DAA1C1182BE00224850 /* Products */;
			projectDirPath = "";
			projectRoot = "";
			targets = (
				4FB02DA81C1182BE00224850 /* SearchNearbyPlaces */,
				4FB02DBC1C1182BE00224850 /* SearchNearbyPlacesTests */,
				4FB02DC71C1182BE00224850 /* SearchNearbyPlacesUITests */,
			);
		};
/* End PBXProject section */

/* Begin PBXResourcesBuildPhase section */
		4FB02DA71C1182BE00224850 /* Resources */ = {
			isa = PBXResourcesBuildPhase;
			buildActionMask = 2147483647;
			files = (
				4FB02DB71C1182BE00224850 /* LaunchScreen.storyboard in Resources */,
				4FB02DB41C1182BE00224850 /* Assets.xcassets in Resources */,
				4FB02DB21C1182BE00224850 /* Main.storyboard in Resources */,
			);
			runOnlyForDeploymentPostprocessing = 0;
		};
		4FB02DBB1C1182BE00224850 /* Resources */ = {
			isa = PBXResourcesBuildPhase;
			buildActionMask = 2147483647;
			files = (
			);
			runOnlyForDeploymentPostprocessing = 0;
		};
		4FB02DC61C1182BE00224850 /* Resources */ = {
			isa = PBXResourcesBuildPhase;
			buildActionMask = 2147483647;
			files = (
			);
			runOnlyForDeploymentPostprocessing = 0;
		};
/* End PBXResourcesBuildPhase section */

/* Begin PBXShellScriptBuildPhase section */
		0F9F0961556C0D59A5F99170 /* Check Pods Manifest.lock */ = {
			isa = PBXShellScriptBuildPhase;
			buildActionMask = 2147483647;
			files = (
			);
			inputPaths = (
			);
			name = "Check Pods Manifest.lock";
			outputPaths = (
			);
			runOnlyForDeploymentPostprocessing = 0;
			shellPath = /bin/sh;
			shellScript = "diff \"${PODS_ROOT}/../Podfile.lock\" \"${PODS_ROOT}/Manifest.lock\" > /dev/null\nif [[ $? != 0 ]] ; then\n    cat << EOM\nerror: The sandbox is not in sync with the Podfile.lock. Run 'pod install' or update your CocoaPods installation.\nEOM\n    exit 1\nfi\n";
			showEnvVarsInLog = 0;
		};
		26C17582977F42C0B0568DBB /* Copy Pods Resources */ = {
			isa = PBXShellScriptBuildPhase;
			buildActionMask = 2147483647;
			files = (
			);
			inputPaths = (
			);
			name = "Copy Pods Resources";
			outputPaths = (
			);
			runOnlyForDeploymentPostprocessing = 0;
			shellPath = /bin/sh;
			shellScript = "\"${SRCROOT}/Pods/Target Support Files/Pods-SearchNearbyPlaces/Pods-SearchNearbyPlaces-resources.sh\"\n";
			showEnvVarsInLog = 0;
		};
		678A5CAA1EC793E32A15693E /* Copy Pods Resources */ = {
			isa = PBXShellScriptBuildPhase;
			buildActionMask = 2147483647;
			files = (
			);
			inputPaths = (
			);
			name = "Copy Pods Resources";
			outputPaths = (
			);
			runOnlyForDeploymentPostprocessing = 0;
			shellPath = /bin/sh;
			shellScript = "\"${SRCROOT}/Pods/Target Support Files/Pods-SearchNearbyPlacesTests/Pods-SearchNearbyPlacesTests-resources.sh\"\n";
			showEnvVarsInLog = 0;
		};
		67C8844E8460AB3701AF7F81 /* Check Pods Manifest.lock */ = {
			isa = PBXShellScriptBuildPhase;
			buildActionMask = 2147483647;
			files = (
			);
			inputPaths = (
			);
			name = "Check Pods Manifest.lock";
			outputPaths = (
			);
			runOnlyForDeploymentPostprocessing = 0;
			shellPath = /bin/sh;
			shellScript = "diff \"${PODS_ROOT}/../Podfile.lock\" \"${PODS_ROOT}/Manifest.lock\" > /dev/null\nif [[ $? != 0 ]] ; then\n    cat << EOM\nerror: The sandbox is not in sync with the Podfile.lock. Run 'pod install' or update your CocoaPods installation.\nEOM\n    exit 1\nfi\n";
			showEnvVarsInLog = 0;
		};
		80E1A3023BDF88FC931F0CC0 /* Embed Pods Frameworks */ = {
			isa = PBXShellScriptBuildPhase;
			buildActionMask = 2147483647;
			files = (
			);
			inputPaths = (
			);
			name = "Embed Pods Frameworks";
			outputPaths = (
			);
			runOnlyForDeploymentPostprocessing = 0;
			shellPath = /bin/sh;
			shellScript = "\"${SRCROOT}/Pods/Target Support Files/Pods-SearchNearbyPlacesTests/Pods-SearchNearbyPlacesTests-frameworks.sh\"\n";
			showEnvVarsInLog = 0;
		};
		897FDB55EA6F0B6EB2298027 /* Embed Pods Frameworks */ = {
			isa = PBXShellScriptBuildPhase;
			buildActionMask = 2147483647;
			files = (
			);
			inputPaths = (
			);
			name = "Embed Pods Frameworks";
			outputPaths = (
			);
			runOnlyForDeploymentPostprocessing = 0;
			shellPath = /bin/sh;
			shellScript = "\"${SRCROOT}/Pods/Target Support Files/Pods-SearchNearbyPlaces/Pods-SearchNearbyPlaces-frameworks.sh\"\n";
			showEnvVarsInLog = 0;
		};
/* End PBXShellScriptBuildPhase section */

/* Begin PBXSourcesBuildPhase section */
		4FB02DA51C1182BE00224850 /* Sources */ = {
			isa = PBXSourcesBuildPhase;
			buildActionMask = 2147483647;
			files = (
				4FB02DAF1C1182BE00224850 /* ViewController.swift in Sources */,
				4FB02DAD1C1182BE00224850 /* AppDelegate.swift in Sources */,
				4FCDBFDF1C13D95000B4D279 /* DetailViewController.swift in Sources */,
				4FCDBFE51C153EA000B4D279 /* GooglePlaceObject.swift in Sources */,
			);
			runOnlyForDeploymentPostprocessing = 0;
		};
		4FB02DB91C1182BE00224850 /* Sources */ = {
			isa = PBXSourcesBuildPhase;
			buildActionMask = 2147483647;
			files = (
				4FB02DC21C1182BE00224850 /* SearchNearbyPlacesTests.swift in Sources */,
			);
			runOnlyForDeploymentPostprocessing = 0;
		};
		4FB02DC41C1182BE00224850 /* Sources */ = {
			isa = PBXSourcesBuildPhase;
			buildActionMask = 2147483647;
			files = (
				4FB02DCD1C1182BE00224850 /* SearchNearbyPlacesUITests.swift in Sources */,
			);
			runOnlyForDeploymentPostprocessing = 0;
		};
/* End PBXSourcesBuildPhase section */

/* Begin PBXTargetDependency section */
		4FB02DBF1C1182BE00224850 /* PBXTargetDependency */ = {
			isa = PBXTargetDependency;
			target = 4FB02DA81C1182BE00224850 /* SearchNearbyPlaces */;
			targetProxy = 4FB02DBE1C1182BE00224850 /* PBXContainerItemProxy */;
		};
		4FB02DCA1C1182BE00224850 /* PBXTargetDependency */ = {
			isa = PBXTargetDependency;
			target = 4FB02DA81C1182BE00224850 /* SearchNearbyPlaces */;
			targetProxy = 4FB02DC91C1182BE00224850 /* PBXContainerItemProxy */;
		};
/* End PBXTargetDependency section */

/* Begin PBXVariantGroup section */
		4FB02DB01C1182BE00224850 /* Main.storyboard */ = {
			isa = PBXVariantGroup;
			children = (
				4FB02DB11C1182BE00224850 /* Base */,
			);
			name = Main.storyboard;
			sourceTree = "<group>";
		};
		4FB02DB51C1182BE00224850 /* LaunchScreen.storyboard */ = {
			isa = PBXVariantGroup;
			children = (
				4FB02DB61C1182BE00224850 /* Base */,
			);
			name = LaunchScreen.storyboard;
			sourceTree = "<group>";
		};
/* End PBXVariantGroup section */

/* Begin XCBuildConfiguration section */
		4FB02DCF1C1182BE00224850 /* Debug */ = {
			isa = XCBuildConfiguration;
			buildSettings = {
				ALWAYS_SEARCH_USER_PATHS = NO;
				CLANG_CXX_LANGUAGE_STANDARD = "gnu++0x";
				CLANG_CXX_LIBRARY = "libc++";
				CLANG_ENABLE_MODULES = YES;
				CLANG_ENABLE_OBJC_ARC = YES;
				CLANG_WARN_BOOL_CONVERSION = YES;
				CLANG_WARN_CONSTANT_CONVERSION = YES;
				CLANG_WARN_DIRECT_OBJC_ISA_USAGE = YES_ERROR;
				CLANG_WARN_EMPTY_BODY = YES;
				CLANG_WARN_ENUM_CONVERSION = YES;
				CLANG_WARN_INT_CONVERSION = YES;
				CLANG_WARN_OBJC_ROOT_CLASS = YES_ERROR;
				CLANG_WARN_UNREACHABLE_CODE = YES;
				CLANG_WARN__DUPLICATE_METHOD_MATCH = YES;
				"CODE_SIGN_IDENTITY[sdk=iphoneos*]" = "iPhone Developer";
				COPY_PHASE_STRIP = NO;
				DEBUG_INFORMATION_FORMAT = dwarf;
				ENABLE_STRICT_OBJC_MSGSEND = YES;
				ENABLE_TESTABILITY = YES;
				GCC_C_LANGUAGE_STANDARD = gnu99;
				GCC_DYNAMIC_NO_PIC = NO;
				GCC_NO_COMMON_BLOCKS = YES;
				GCC_OPTIMIZATION_LEVEL = 0;
				GCC_PREPROCESSOR_DEFINITIONS = (
					"DEBUG=1",
					"$(inherited)",
				);
				GCC_WARN_64_TO_32_BIT_CONVERSION = YES;
				GCC_WARN_ABOUT_RETURN_TYPE = YES_ERROR;
				GCC_WARN_UNDECLARED_SELECTOR = YES;
				GCC_WARN_UNINITIALIZED_AUTOS = YES_AGGRESSIVE;
				GCC_WARN_UNUSED_FUNCTION = YES;
				GCC_WARN_UNUSED_VARIABLE = YES;
				IPHONEOS_DEPLOYMENT_TARGET = 9.1;
				MTL_ENABLE_DEBUG_INFO = YES;
				ONLY_ACTIVE_ARCH = YES;
				SDKROOT = iphoneos;
				SWIFT_OPTIMIZATION_LEVEL = "-Onone";
				TARGETED_DEVICE_FAMILY = "1,2";
			};
			name = Debug;
		};
		4FB02DD01C1182BE00224850 /* Release */ = {
			isa = XCBuildConfiguration;
			buildSettings = {
				ALWAYS_SEARCH_USER_PATHS = NO;
				CLANG_CXX_LANGUAGE_STANDARD = "gnu++0x";
				CLANG_CXX_LIBRARY = "libc++";
				CLANG_ENABLE_MODULES = YES;
				CLANG_ENABLE_OBJC_ARC = YES;
				CLANG_WARN_BOOL_CONVERSION = YES;
				CLANG_WARN_CONSTANT_CONVERSION = YES;
				CLANG_WARN_DIRECT_OBJC_ISA_USAGE = YES_ERROR;
				CLANG_WARN_EMPTY_BODY = YES;
				CLANG_WARN_ENUM_CONVERSION = YES;
				CLANG_WARN_INT_CONVERSION = YES;
				CLANG_WARN_OBJC_ROOT_CLASS = YES_ERROR;
				CLANG_WARN_UNREACHABLE_CODE = YES;
				CLANG_WARN__DUPLICATE_METHOD_MATCH = YES;
				"CODE_SIGN_IDENTITY[sdk=iphoneos*]" = "iPhone Developer";
				COPY_PHASE_STRIP = NO;
				DEBUG_INFORMATION_FORMAT = "dwarf-with-dsym";
				ENABLE_NS_ASSERTIONS = NO;
				ENABLE_STRICT_OBJC_MSGSEND = YES;
				GCC_C_LANGUAGE_STANDARD = gnu99;
				GCC_NO_COMMON_BLOCKS = YES;
				GCC_WARN_64_TO_32_BIT_CONVERSION = YES;
				GCC_WARN_ABOUT_RETURN_TYPE = YES_ERROR;
				GCC_WARN_UNDECLARED_SELECTOR = YES;
				GCC_WARN_UNINITIALIZED_AUTOS = YES_AGGRESSIVE;
				GCC_WARN_UNUSED_FUNCTION = YES;
				GCC_WARN_UNUSED_VARIABLE = YES;
				IPHONEOS_DEPLOYMENT_TARGET = 9.1;
				MTL_ENABLE_DEBUG_INFO = NO;
				SDKROOT = iphoneos;
				TARGETED_DEVICE_FAMILY = "1,2";
				VALIDATE_PRODUCT = YES;
			};
			name = Release;
		};
		4FB02DD21C1182BE00224850 /* Debug */ = {
			isa = XCBuildConfiguration;
			baseConfigurationReference = 189B0A3E2A55359105E3BEEB /* Pods-SearchNearbyPlaces.debug.xcconfig */;
			buildSettings = {
				ASSETCATALOG_COMPILER_APPICON_NAME = AppIcon;
				INFOPLIST_FILE = SearchNearbyPlaces/Info.plist;
				IPHONEOS_DEPLOYMENT_TARGET = 8.1;
				LD_RUNPATH_SEARCH_PATHS = "$(inherited) @executable_path/Frameworks";
				PRODUCT_BUNDLE_IDENTIFIER = com.hyubyn.SearchNearbyPlaces;
				PRODUCT_NAME = "$(TARGET_NAME)";
				SWIFT_INCLUDE_PATHS = "";
				SWIFT_OBJC_BRIDGING_HEADER = "SearchNearbyPlaces/Bringing-Header.h";
			};
			name = Debug;
		};
		4FB02DD31C1182BE00224850 /* Release */ = {
			isa = XCBuildConfiguration;
			baseConfigurationReference = FD8136795847D8C90366119F /* Pods-SearchNearbyPlaces.release.xcconfig */;
			buildSettings = {
				ASSETCATALOG_COMPILER_APPICON_NAME = AppIcon;
				INFOPLIST_FILE = SearchNearbyPlaces/Info.plist;
				IPHONEOS_DEPLOYMENT_TARGET = 8.1;
				LD_RUNPATH_SEARCH_PATHS = "$(inherited) @executable_path/Frameworks";
				PRODUCT_BUNDLE_IDENTIFIER = com.hyubyn.SearchNearbyPlaces;
				PRODUCT_NAME = "$(TARGET_NAME)";
				SWIFT_INCLUDE_PATHS = "";
				SWIFT_OBJC_BRIDGING_HEADER = "SearchNearbyPlaces/Bringing-Header.h";
			};
			name = Release;
		};
		4FB02DD51C1182BE00224850 /* Debug */ = {
			isa = XCBuildConfiguration;
			baseConfigurationReference = 09D898C8D3E1A982ADF95D60 /* Pods-SearchNearbyPlacesTests.debug.xcconfig */;
			buildSettings = {
				BUNDLE_LOADER = "$(TEST_HOST)";
				INFOPLIST_FILE = SearchNearbyPlacesTests/Info.plist;
				LD_RUNPATH_SEARCH_PATHS = "$(inherited) @executable_path/Frameworks @loader_path/Frameworks";
				PRODUCT_BUNDLE_IDENTIFIER = com.hyubyn.SearchNearbyPlacesTests;
				PRODUCT_NAME = "$(TARGET_NAME)";
				TEST_HOST = "$(BUILT_PRODUCTS_DIR)/SearchNearbyPlaces.app/SearchNearbyPlaces";
			};
			name = Debug;
		};
		4FB02DD61C1182BE00224850 /* Release */ = {
			isa = XCBuildConfiguration;
			baseConfigurationReference = 0394386EA82E33331BC3207E /* Pods-SearchNearbyPlacesTests.release.xcconfig */;
			buildSettings = {
				BUNDLE_LOADER = "$(TEST_HOST)";
				INFOPLIST_FILE = SearchNearbyPlacesTests/Info.plist;
				LD_RUNPATH_SEARCH_PATHS = "$(inherited) @executable_path/Frameworks @loader_path/Frameworks";
				PRODUCT_BUNDLE_IDENTIFIER = com.hyubyn.SearchNearbyPlacesTests;
				PRODUCT_NAME = "$(TARGET_NAME)";
				TEST_HOST = "$(BUILT_PRODUCTS_DIR)/SearchNearbyPlaces.app/SearchNearbyPlaces";
			};
			name = Release;
		};
		4FB02DD81C1182BE00224850 /* Debug */ = {
			isa = XCBuildConfiguration;
			buildSettings = {
				INFOPLIST_FILE = SearchNearbyPlacesUITests/Info.plist;
				LD_RUNPATH_SEARCH_PATHS = "$(inherited) @executable_path/Frameworks @loader_path/Frameworks";
				PRODUCT_BUNDLE_IDENTIFIER = com.hyubyn.SearchNearbyPlacesUITests;
				PRODUCT_NAME = "$(TARGET_NAME)";
				TEST_TARGET_NAME = SearchNearbyPlaces;
				USES_XCTRUNNER = YES;
			};
			name = Debug;
		};
		4FB02DD91C1182BE00224850 /* Release */ = {
			isa = XCBuildConfiguration;
			buildSettings = {
				INFOPLIST_FILE = SearchNearbyPlacesUITests/Info.plist;
				LD_RUNPATH_SEARCH_PATHS = "$(inherited) @executable_path/Frameworks @loader_path/Frameworks";
				PRODUCT_BUNDLE_IDENTIFIER = com.hyubyn.SearchNearbyPlacesUITests;
				PRODUCT_NAME = "$(TARGET_NAME)";
				TEST_TARGET_NAME = SearchNearbyPlaces;
				USES_XCTRUNNER = YES;
			};
			name = Release;
		};
/* End XCBuildConfiguration section */

/* Begin XCConfigurationList section */
		4FB02DA41C1182BE00224850 /* Build configuration list for PBXProject "SearchNearbyPlaces" */ = {
			isa = XCConfigurationList;
			buildConfigurations = (
				4FB02DCF1C1182BE00224850 /* Debug */,
				4FB02DD01C1182BE00224850 /* Release */,
			);
			defaultConfigurationIsVisible = 0;
			defaultConfigurationName = Release;
		};
		4FB02DD11C1182BE00224850 /* Build configuration list for PBXNativeTarget "SearchNearbyPlaces" */ = {
			isa = XCConfigurationList;
			buildConfigurations = (
				4FB02DD21C1182BE00224850 /* Debug */,
				4FB02DD31C1182BE00224850 /* Release */,
			);
			defaultConfigurationIsVisible = 0;
			defaultConfigurationName = Release;
		};
		4FB02DD41C1182BE00224850 /* Build configuration list for PBXNativeTarget "SearchNearbyPlacesTests" */ = {
			isa = XCConfigurationList;
			buildConfigurations = (
				4FB02DD51C1182BE00224850 /* Debug */,
				4FB02DD61C1182BE00224850 /* Release */,
			);
			defaultConfigurationIsVisible = 0;
			defaultConfigurationName = Release;
		};
		4FB02DD71C1182BE00224850 /* Build configuration list for PBXNativeTarget "SearchNearbyPlacesUITests" */ = {
			isa = XCConfigurationList;
			buildConfigurations = (
				4FB02DD81C1182BE00224850 /* Debug */,
				4FB02DD91C1182BE00224850 /* Release */,
			);
			defaultConfigurationIsVisible = 0;
			defaultConfigurationName = Release;
		};
/* End XCConfigurationList section */
	};
	rootObject = 4FB02DA11C1182BE00224850 /* Project object */;
}
